
Microsoft Visual Studio Solution File, Format Version 12.00
# Visual Studio Version 16
VisualStudioVersion = 16.0.31025.218
MinimumVisualStudioVersion = 10.0.40219.1
Project("{FAE04EC0-301F-11D3-BF4B-00C04F79EFBC}") = "Witcher", "Witcher\Witcher.csproj", "{29781EE5-4D9A-47BE-8C4A-3D79F69B0948}"
EndProject
Global
	GlobalSection(SolutionConfigurationPlatforms) = preSolution
		Debug|Any CPU = Debug|Any CPU
		Release|Any CPU = Release|Any CPU
	EndGlobalSection
	GlobalSection(ProjectConfigurationPlatforms) = postSolution
		{29781EE5-4D9A-47BE-8C4A-3D79F69B0948}.Debug|Any CPU.ActiveCfg = Debug|Any CPU
		{29781EE5-4D9A-47BE-8C4A-3D79F69B0948}.Debug|Any CPU.Build.0 = Debug|Any CPU
		{29781EE5-4D9A-47BE-8C4A-3D79F69B0948}.Release|Any CPU.ActiveCfg = Release|Any CPU
		{29781EE5-4D9A-47BE-8C4A-3D79F69B0948}.Release|Any CPU.Build.0 = Release|Any CPU
	EndGlobalSection
	GlobalSection(SolutionProperties) = preSolution
		HideSolutionNode = FALSE
	EndGlobalSection
	GlobalSection(ExtensibilityGlobals) = postSolution
		SolutionGuid = {FE10105D-CE85-4315-A7F7-0BF056EFC5B7}
	EndGlobalSection
EndGlobal
