
Microsoft Visual Studio Solution File, Format Version 12.00
# Visual Studio Version 16
VisualStudioVersion = 16.0.31025.218
MinimumVisualStudioVersion = 10.0.40219.1
Project("{9A19103F-16F7-4668-BE54-9A1E7A4F7556}") = "Witcher", "Witcher\Witcher.csproj", "{29781EE5-4D9A-47BE-8C4A-3D79F69B0948}"
EndProject
Project("{9A19103F-16F7-4668-BE54-9A1E7A4F7556}") = "Witcher_WF_CR", "Witcher_WF_CR\Witcher_WF_CR.csproj", "{CE3B27D5-4416-4E0D-82D8-5E5C316AE974}"
EndProject
Project("{9A19103F-16F7-4668-BE54-9A1E7A4F7556}") = "Witcher.WPF", "Witcher.WPF\Witcher.WPF.csproj", "{2079D7B4-A998-4C78-8674-10E4330A027A}"
EndProject
Project("{9A19103F-16F7-4668-BE54-9A1E7A4F7556}") = "Witcher.WF", "Witcher.WF\Witcher.WF.csproj", "{A844967C-9F1A-4659-8D39-CCF79310FD09}"
EndProject
Project("{2150E333-8FDC-42A3-9474-1A3956D46DE8}") = "Core", "Core", "{1EAD3DCD-AA7E-4645-B949-8D26184F2BA1}"
EndProject
Project("{2150E333-8FDC-42A3-9474-1A3956D46DE8}") = "WF", "WF", "{F19BB245-AE13-48FE-9A76-A8B11AECCDA1}"
EndProject
Project("{2150E333-8FDC-42A3-9474-1A3956D46DE8}") = "WPF", "WPF", "{188D1AD9-1AAE-43CE-886F-E366C61FBEDE}"
EndProject
Project("{9A19103F-16F7-4668-BE54-9A1E7A4F7556}") = "Witcher_WPF_CR", "Witcher_WPF_CR\Witcher_WPF_CR.csproj", "{06647B67-C720-4DB1-92E9-DE559F4AD0A9}"
EndProject
Project("{2150E333-8FDC-42A3-9474-1A3956D46DE8}") = "Catcher", "Catcher", "{E0268EBA-276A-410F-8923-4EDB7FADF1F0}"
EndProject
Project("{2150E333-8FDC-42A3-9474-1A3956D46DE8}") = "WF", "WF", "{0883B4DC-C35D-43D4-95F1-DAA5E1B31D96}"
EndProject
Project("{2150E333-8FDC-42A3-9474-1A3956D46DE8}") = "WPF", "WPF", "{19191630-9A04-4EE4-BE48-D155AAEC3AB1}"
EndProject
Global
	GlobalSection(SolutionConfigurationPlatforms) = preSolution
		Debug|Any CPU = Debug|Any CPU
		Release|Any CPU = Release|Any CPU
	EndGlobalSection
	GlobalSection(ProjectConfigurationPlatforms) = postSolution
		{29781EE5-4D9A-47BE-8C4A-3D79F69B0948}.Debug|Any CPU.ActiveCfg = Debug|Any CPU
		{29781EE5-4D9A-47BE-8C4A-3D79F69B0948}.Debug|Any CPU.Build.0 = Debug|Any CPU
		{29781EE5-4D9A-47BE-8C4A-3D79F69B0948}.Release|Any CPU.ActiveCfg = Release|Any CPU
		{29781EE5-4D9A-47BE-8C4A-3D79F69B0948}.Release|Any CPU.Build.0 = Release|Any CPU
		{CE3B27D5-4416-4E0D-82D8-5E5C316AE974}.Debug|Any CPU.ActiveCfg = Debug|Any CPU
		{CE3B27D5-4416-4E0D-82D8-5E5C316AE974}.Debug|Any CPU.Build.0 = Debug|Any CPU
		{CE3B27D5-4416-4E0D-82D8-5E5C316AE974}.Release|Any CPU.ActiveCfg = Release|Any CPU
		{CE3B27D5-4416-4E0D-82D8-5E5C316AE974}.Release|Any CPU.Build.0 = Release|Any CPU
		{2079D7B4-A998-4C78-8674-10E4330A027A}.Debug|Any CPU.ActiveCfg = Debug|Any CPU
		{2079D7B4-A998-4C78-8674-10E4330A027A}.Debug|Any CPU.Build.0 = Debug|Any CPU
		{2079D7B4-A998-4C78-8674-10E4330A027A}.Release|Any CPU.ActiveCfg = Release|Any CPU
		{2079D7B4-A998-4C78-8674-10E4330A027A}.Release|Any CPU.Build.0 = Release|Any CPU
		{A844967C-9F1A-4659-8D39-CCF79310FD09}.Debug|Any CPU.ActiveCfg = Debug|Any CPU
		{A844967C-9F1A-4659-8D39-CCF79310FD09}.Debug|Any CPU.Build.0 = Debug|Any CPU
		{A844967C-9F1A-4659-8D39-CCF79310FD09}.Release|Any CPU.ActiveCfg = Release|Any CPU
		{A844967C-9F1A-4659-8D39-CCF79310FD09}.Release|Any CPU.Build.0 = Release|Any CPU
		{06647B67-C720-4DB1-92E9-DE559F4AD0A9}.Debug|Any CPU.ActiveCfg = Debug|Any CPU
		{06647B67-C720-4DB1-92E9-DE559F4AD0A9}.Debug|Any CPU.Build.0 = Debug|Any CPU
		{06647B67-C720-4DB1-92E9-DE559F4AD0A9}.Release|Any CPU.ActiveCfg = Release|Any CPU
		{06647B67-C720-4DB1-92E9-DE559F4AD0A9}.Release|Any CPU.Build.0 = Release|Any CPU
	EndGlobalSection
	GlobalSection(SolutionProperties) = preSolution
		HideSolutionNode = FALSE
	EndGlobalSection
	GlobalSection(NestedProjects) = preSolution
		{29781EE5-4D9A-47BE-8C4A-3D79F69B0948} = {1EAD3DCD-AA7E-4645-B949-8D26184F2BA1}
		{CE3B27D5-4416-4E0D-82D8-5E5C316AE974} = {0883B4DC-C35D-43D4-95F1-DAA5E1B31D96}
		{2079D7B4-A998-4C78-8674-10E4330A027A} = {188D1AD9-1AAE-43CE-886F-E366C61FBEDE}
		{A844967C-9F1A-4659-8D39-CCF79310FD09} = {F19BB245-AE13-48FE-9A76-A8B11AECCDA1}
		{06647B67-C720-4DB1-92E9-DE559F4AD0A9} = {19191630-9A04-4EE4-BE48-D155AAEC3AB1}
		{0883B4DC-C35D-43D4-95F1-DAA5E1B31D96} = {E0268EBA-276A-410F-8923-4EDB7FADF1F0}
		{19191630-9A04-4EE4-BE48-D155AAEC3AB1} = {E0268EBA-276A-410F-8923-4EDB7FADF1F0}
	EndGlobalSection
	GlobalSection(ExtensibilityGlobals) = postSolution
		SolutionGuid = {FE10105D-CE85-4315-A7F7-0BF056EFC5B7}
	EndGlobalSection
EndGlobal
